
Microsoft Visual Studio Solution File, Format Version 12.00
# Visual Studio Version 16
VisualStudioVersion = 16.0.809.3
MinimumVisualStudioVersion = 10.0.40219.1
Project("{FAE04EC0-301F-11D3-BF4B-00C04F79EFBC}") = "Students", "Students\Students.csproj", "{100FC3F2-A5CB-4355-8C81-3326A7D50DBD}"
EndProject
Global
	GlobalSection(SolutionConfigurationPlatforms) = preSolution
		Debug|Any CPU = Debug|Any CPU
		Release|Any CPU = Release|Any CPU
	EndGlobalSection
	GlobalSection(ProjectConfigurationPlatforms) = postSolution
		{100FC3F2-A5CB-4355-8C81-3326A7D50DBD}.Debug|Any CPU.ActiveCfg = Debug|Any CPU
		{100FC3F2-A5CB-4355-8C81-3326A7D50DBD}.Debug|Any CPU.Build.0 = Debug|Any CPU
		{100FC3F2-A5CB-4355-8C81-3326A7D50DBD}.Release|Any CPU.ActiveCfg = Release|Any CPU
		{100FC3F2-A5CB-4355-8C81-3326A7D50DBD}.Release|Any CPU.Build.0 = Release|Any CPU
	EndGlobalSection
	GlobalSection(SolutionProperties) = preSolution
		HideSolutionNode = FALSE
	EndGlobalSection
	GlobalSection(ExtensibilityGlobals) = postSolution
		SolutionGuid = {FC3E7B01-9868-4484-A6CF-E23DDFEA4878}
	EndGlobalSection
EndGlobal
